
Microsoft Visual Studio Solution File, Format Version 12.00
# Visual Studio Version 16
VisualStudioVersion = 16.0.31624.102
MinimumVisualStudioVersion = 10.0.40219.1
Project("{9A19103F-16F7-4668-BE54-9A1E7A4F7556}") = "WT_Test", "WT_Test\WT_Test.csproj", "{50B5C83B-A1EE-46F7-8C7B-FBAD52E8989B}"
EndProject
Project("{9A19103F-16F7-4668-BE54-9A1E7A4F7556}") = "Entities", "Entities\Entities.csproj", "{07FD54A8-B914-4C61-AA53-667DC185F56F}"
EndProject
Project("{9A19103F-16F7-4668-BE54-9A1E7A4F7556}") = "Service", "Service\Service.csproj", "{4A1A5F04-55EC-4D30-9C55-F6F63E5B4E2D}"
EndProject
Project("{FAE04EC0-301F-11D3-BF4B-00C04F79EFBC}") = "UnitTest", "UnitTest\UnitTest.csproj", "{C2FDD01B-F691-44C9-89C9-A8114A58CDAA}"
EndProject
Global
	GlobalSection(SolutionConfigurationPlatforms) = preSolution
		Debug|Any CPU = Debug|Any CPU
		Release|Any CPU = Release|Any CPU
	EndGlobalSection
	GlobalSection(ProjectConfigurationPlatforms) = postSolution
		{50B5C83B-A1EE-46F7-8C7B-FBAD52E8989B}.Debug|Any CPU.ActiveCfg = Debug|Any CPU
		{50B5C83B-A1EE-46F7-8C7B-FBAD52E8989B}.Debug|Any CPU.Build.0 = Debug|Any CPU
		{50B5C83B-A1EE-46F7-8C7B-FBAD52E8989B}.Release|Any CPU.ActiveCfg = Release|Any CPU
		{50B5C83B-A1EE-46F7-8C7B-FBAD52E8989B}.Release|Any CPU.Build.0 = Release|Any CPU
		{07FD54A8-B914-4C61-AA53-667DC185F56F}.Debug|Any CPU.ActiveCfg = Debug|Any CPU
		{07FD54A8-B914-4C61-AA53-667DC185F56F}.Debug|Any CPU.Build.0 = Debug|Any CPU
		{07FD54A8-B914-4C61-AA53-667DC185F56F}.Release|Any CPU.ActiveCfg = Release|Any CPU
		{07FD54A8-B914-4C61-AA53-667DC185F56F}.Release|Any CPU.Build.0 = Release|Any CPU
		{4A1A5F04-55EC-4D30-9C55-F6F63E5B4E2D}.Debug|Any CPU.ActiveCfg = Debug|Any CPU
		{4A1A5F04-55EC-4D30-9C55-F6F63E5B4E2D}.Debug|Any CPU.Build.0 = Debug|Any CPU
		{4A1A5F04-55EC-4D30-9C55-F6F63E5B4E2D}.Release|Any CPU.ActiveCfg = Release|Any CPU
		{4A1A5F04-55EC-4D30-9C55-F6F63E5B4E2D}.Release|Any CPU.Build.0 = Release|Any CPU
		{C2FDD01B-F691-44C9-89C9-A8114A58CDAA}.Debug|Any CPU.ActiveCfg = Debug|Any CPU
		{C2FDD01B-F691-44C9-89C9-A8114A58CDAA}.Debug|Any CPU.Build.0 = Debug|Any CPU
		{C2FDD01B-F691-44C9-89C9-A8114A58CDAA}.Release|Any CPU.ActiveCfg = Release|Any CPU
		{C2FDD01B-F691-44C9-89C9-A8114A58CDAA}.Release|Any CPU.Build.0 = Release|Any CPU
	EndGlobalSection
	GlobalSection(SolutionProperties) = preSolution
		HideSolutionNode = FALSE
	EndGlobalSection
	GlobalSection(ExtensibilityGlobals) = postSolution
		SolutionGuid = {01593EE9-3823-497A-99C0-A871E69F9440}
	EndGlobalSection
EndGlobal
